
Microsoft Visual Studio Solution File, Format Version 12.00
# Visual Studio Version 17
VisualStudioVersion = 17.11.35327.3
MinimumVisualStudioVersion = 10.0.40219.1
Project("{FAE04EC0-301F-11D3-BF4B-00C04F79EFBC}") = "Lab3_1", "Lab3_1\Lab3_1.csproj", "{44DF5664-35F8-4853-A10F-8A501132B3A2}"
EndProject
Project("{FAE04EC0-301F-11D3-BF4B-00C04F79EFBC}") = "Lab3_2", "Lab3_2\Lab3_2.csproj", "{BC797AE7-29AF-42FD-913A-6F0891B34095}"
EndProject
Project("{FAE04EC0-301F-11D3-BF4B-00C04F79EFBC}") = "Lab3_3", "Lab_3\Lab3_3.csproj", "{045DECE4-68A9-4D86-A396-C75AF5CAD3B6}"
EndProject
Global
	GlobalSection(SolutionConfigurationPlatforms) = preSolution
		Debug|Any CPU = Debug|Any CPU
		Release|Any CPU = Release|Any CPU
	EndGlobalSection
	GlobalSection(ProjectConfigurationPlatforms) = postSolution
		{44DF5664-35F8-4853-A10F-8A501132B3A2}.Debug|Any CPU.ActiveCfg = Debug|Any CPU
		{44DF5664-35F8-4853-A10F-8A501132B3A2}.Debug|Any CPU.Build.0 = Debug|Any CPU
		{44DF5664-35F8-4853-A10F-8A501132B3A2}.Release|Any CPU.ActiveCfg = Release|Any CPU
		{44DF5664-35F8-4853-A10F-8A501132B3A2}.Release|Any CPU.Build.0 = Release|Any CPU
		{BC797AE7-29AF-42FD-913A-6F0891B34095}.Debug|Any CPU.ActiveCfg = Debug|Any CPU
		{BC797AE7-29AF-42FD-913A-6F0891B34095}.Debug|Any CPU.Build.0 = Debug|Any CPU
		{BC797AE7-29AF-42FD-913A-6F0891B34095}.Release|Any CPU.ActiveCfg = Release|Any CPU
		{BC797AE7-29AF-42FD-913A-6F0891B34095}.Release|Any CPU.Build.0 = Release|Any CPU
		{045DECE4-68A9-4D86-A396-C75AF5CAD3B6}.Debug|Any CPU.ActiveCfg = Debug|Any CPU
		{045DECE4-68A9-4D86-A396-C75AF5CAD3B6}.Debug|Any CPU.Build.0 = Debug|Any CPU
		{045DECE4-68A9-4D86-A396-C75AF5CAD3B6}.Release|Any CPU.ActiveCfg = Release|Any CPU
		{045DECE4-68A9-4D86-A396-C75AF5CAD3B6}.Release|Any CPU.Build.0 = Release|Any CPU
	EndGlobalSection
	GlobalSection(SolutionProperties) = preSolution
		HideSolutionNode = FALSE
	EndGlobalSection
	GlobalSection(ExtensibilityGlobals) = postSolution
		SolutionGuid = {B278D97A-D955-4F8B-8388-B1F23228B507}
	EndGlobalSection
EndGlobal
